
Microsoft Visual Studio Solution File, Format Version 12.00
# Visual Studio Version 17
VisualStudioVersion = 17.11.35327.3
MinimumVisualStudioVersion = 10.0.40219.1
Project("{FAE04EC0-301F-11D3-BF4B-00C04F79EFBC}") = "PlaygroundSmartCard.UI", "PlaygroundSmartCard.UI\PlaygroundSmartCard.UI.csproj", "{B84803EB-1F36-4CB7-8E70-28C32E53433E}"
EndProject
Global
	GlobalSection(SolutionConfigurationPlatforms) = preSolution
		Debug|Any CPU = Debug|Any CPU
		Release|Any CPU = Release|Any CPU
	EndGlobalSection
	GlobalSection(ProjectConfigurationPlatforms) = postSolution
		{B84803EB-1F36-4CB7-8E70-28C32E53433E}.Debug|Any CPU.ActiveCfg = Debug|Any CPU
		{B84803EB-1F36-4CB7-8E70-28C32E53433E}.Debug|Any CPU.Build.0 = Debug|Any CPU
		{B84803EB-1F36-4CB7-8E70-28C32E53433E}.Release|Any CPU.ActiveCfg = Release|Any CPU
		{B84803EB-1F36-4CB7-8E70-28C32E53433E}.Release|Any CPU.Build.0 = Release|Any CPU
	EndGlobalSection
	GlobalSection(SolutionProperties) = preSolution
		HideSolutionNode = FALSE
	EndGlobalSection
	GlobalSection(ExtensibilityGlobals) = postSolution
		SolutionGuid = {BFAB9C51-FF5E-4C43-8DF7-BCA7E4FE6FAC}
	EndGlobalSection
EndGlobal
